
Microsoft Visual Studio Solution File, Format Version 12.00
# Visual Studio Version 16
VisualStudioVersion = 16.0.30104.148
MinimumVisualStudioVersion = 10.0.40219.1
Project("{FAE04EC0-301F-11D3-BF4B-00C04F79EFBC}") = "IndyBeerNavigator.MVC", "IndyBeerNavigator.MVC\IndyBeerNavigator.MVC.csproj", "{F52F7612-505B-4868-BFB8-697C5592A14B}"
EndProject
Project("{FAE04EC0-301F-11D3-BF4B-00C04F79EFBC}") = "IndyBeerNavigator.Data", "IndyBeerNavigator.Data\IndyBeerNavigator.Data.csproj", "{D83EF7B4-050D-491C-BB16-B1141D073EFC}"
EndProject
Project("{FAE04EC0-301F-11D3-BF4B-00C04F79EFBC}") = "IndyBeerNavigator.Models", "IndyBeerNavigator.Models\IndyBeerNavigator.Models.csproj", "{2B0895F5-FA5E-47CE-9E89-C5CC1382D02E}"
EndProject
Project("{FAE04EC0-301F-11D3-BF4B-00C04F79EFBC}") = "IndyBeerNavigator.Services", "IndyBeerNavigator.Services\IndyBeerNavigator.Services.csproj", "{930A7548-9BE3-44A3-951C-C5E70C483929}"
EndProject
Global
	GlobalSection(SolutionConfigurationPlatforms) = preSolution
		Debug|Any CPU = Debug|Any CPU
		Release|Any CPU = Release|Any CPU
	EndGlobalSection
	GlobalSection(ProjectConfigurationPlatforms) = postSolution
		{F52F7612-505B-4868-BFB8-697C5592A14B}.Debug|Any CPU.ActiveCfg = Debug|Any CPU
		{F52F7612-505B-4868-BFB8-697C5592A14B}.Debug|Any CPU.Build.0 = Debug|Any CPU
		{F52F7612-505B-4868-BFB8-697C5592A14B}.Release|Any CPU.ActiveCfg = Release|Any CPU
		{F52F7612-505B-4868-BFB8-697C5592A14B}.Release|Any CPU.Build.0 = Release|Any CPU
		{D83EF7B4-050D-491C-BB16-B1141D073EFC}.Debug|Any CPU.ActiveCfg = Debug|Any CPU
		{D83EF7B4-050D-491C-BB16-B1141D073EFC}.Debug|Any CPU.Build.0 = Debug|Any CPU
		{D83EF7B4-050D-491C-BB16-B1141D073EFC}.Release|Any CPU.ActiveCfg = Release|Any CPU
		{D83EF7B4-050D-491C-BB16-B1141D073EFC}.Release|Any CPU.Build.0 = Release|Any CPU
		{2B0895F5-FA5E-47CE-9E89-C5CC1382D02E}.Debug|Any CPU.ActiveCfg = Debug|Any CPU
		{2B0895F5-FA5E-47CE-9E89-C5CC1382D02E}.Debug|Any CPU.Build.0 = Debug|Any CPU
		{2B0895F5-FA5E-47CE-9E89-C5CC1382D02E}.Release|Any CPU.ActiveCfg = Release|Any CPU
		{2B0895F5-FA5E-47CE-9E89-C5CC1382D02E}.Release|Any CPU.Build.0 = Release|Any CPU
		{930A7548-9BE3-44A3-951C-C5E70C483929}.Debug|Any CPU.ActiveCfg = Debug|Any CPU
		{930A7548-9BE3-44A3-951C-C5E70C483929}.Debug|Any CPU.Build.0 = Debug|Any CPU
		{930A7548-9BE3-44A3-951C-C5E70C483929}.Release|Any CPU.ActiveCfg = Release|Any CPU
		{930A7548-9BE3-44A3-951C-C5E70C483929}.Release|Any CPU.Build.0 = Release|Any CPU
	EndGlobalSection
	GlobalSection(SolutionProperties) = preSolution
		HideSolutionNode = FALSE
	EndGlobalSection
	GlobalSection(ExtensibilityGlobals) = postSolution
		SolutionGuid = {04151BE5-1853-4686-90B7-9C5E0B63FCA5}
	EndGlobalSection
EndGlobal
